{
  "name": "tsguard",
  "version": "0.0.1",
  "lockfileVersion": 1,
  "requires": true,
  "dependencies": {
    "@types/node": {
      "version": "12.12.2",
      "resolved": "https://registry.npmjs.org/@types/node/-/node-12.12.2.tgz",
      "integrity": "sha512-Dt624lmxSFhjor3/QoBAJyqKbPgPnJETqG+eUSxOYwwq5HeHh9hel1c4YAcFmCsClMESmMqcTBbfkjWK+ytCsg==",
      "dev": true
    },
    "requirejs": {
      "version": "2.3.6",
      "resolved": "https://registry.npmjs.org/requirejs/-/requirejs-2.3.6.tgz",
      "integrity": "sha512-ipEzlWQe6RK3jkzikgCupiTbTvm4S0/CAU5GlgptkN5SO6F3u0UD0K18wy6ErDqiCyP4J4YYe1HuAShvsxePLg==",
      "dev": true
    },
    "typescript": {
      "version": "4.0.3",
      "resolved": "https://registry.npmjs.org/typescript/-/typescript-4.0.3.tgz",
      "integrity": "sha512-tEu6DGxGgRJPb/mVPIZ48e69xCn2yRmCgYmDugAVwmJ6o+0u1RI18eO7E7WBTLYLaEVVOhwQmcdhQHweux/WPg==",
      "dev": true
    },
    "typespec-bdd": {
      "version": "2.0.1",
      "resolved": "https://registry.npmjs.org/typespec-bdd/-/typespec-bdd-2.0.1.tgz",
      "integrity": "sha1-d2ZYNa8ekqOmdIYyJRwIlFJYnWo=",
      "dev": true
    }
  }
}
